// !$*UTF8*$!
{
	archiveVersion = 1;
	classes = {
	};
	objectVersion = 51;
	objects = {

/* Begin PBXBuildFile section */
		1E15879A285F664F00EE6074 /* HomeViewController.swift in Sources */ = {isa = PBXBuildFile; fileRef = 1E158799285F664F00EE6074 /* HomeViewController.swift */; };
		1E15879E285F682A00EE6074 /* HomePresenter.swift in Sources */ = {isa = PBXBuildFile; fileRef = 1E15879D285F682A00EE6074 /* HomePresenter.swift */; };
		1E1587A3285F6AF800EE6074 /* Home+TableView.swift in Sources */ = {isa = PBXBuildFile; fileRef = 1E1587A2285F6AF800EE6074 /* Home+TableView.swift */; };
		1E15FC4C285F5AFF007A1EEE /* LoginViewController.swift in Sources */ = {isa = PBXBuildFile; fileRef = 1E15FC4B285F5AFF007A1EEE /* LoginViewController.swift */; };
		1E15FC54285F5D47007A1EEE /* LoginPresenter.swift in Sources */ = {isa = PBXBuildFile; fileRef = 1E15FC53285F5D47007A1EEE /* LoginPresenter.swift */; };
		1E93D9C5285F72F100A9023E /* UsersTableViewController.swift in Sources */ = {isa = PBXBuildFile; fileRef = 1E93D9C4285F72F100A9023E /* UsersTableViewController.swift */; };
		1E93D9CB285F736500A9023E /* ChatViewController.swift in Sources */ = {isa = PBXBuildFile; fileRef = 1E93D9CA285F736500A9023E /* ChatViewController.swift */; };
		1E93D9D0285F738F00A9023E /* ChatPresenter.swift in Sources */ = {isa = PBXBuildFile; fileRef = 1E93D9CF285F738F00A9023E /* ChatPresenter.swift */; };
		1E93D9D4285F741100A9023E /* UsersPresenter.swift in Sources */ = {isa = PBXBuildFile; fileRef = 1E93D9D3285F741100A9023E /* UsersPresenter.swift */; };
		1E93D9D9285F75C700A9023E /* Chat+TableView.swift in Sources */ = {isa = PBXBuildFile; fileRef = 1E93D9D8285F75C700A9023E /* Chat+TableView.swift */; };
		1E981CC1285F4E5100FB9299 /* AppDelegate.swift in Sources */ = {isa = PBXBuildFile; fileRef = 1E981CC0285F4E5100FB9299 /* AppDelegate.swift */; };
		1E981CC3285F4E5100FB9299 /* SceneDelegate.swift in Sources */ = {isa = PBXBuildFile; fileRef = 1E981CC2285F4E5100FB9299 /* SceneDelegate.swift */; };
		1E981CC5285F4E5100FB9299 /* FirstViewController.swift in Sources */ = {isa = PBXBuildFile; fileRef = 1E981CC4285F4E5100FB9299 /* FirstViewController.swift */; };
		1E981CC8285F4E5100FB9299 /* Main.storyboard in Resources */ = {isa = PBXBuildFile; fileRef = 1E981CC6285F4E5100FB9299 /* Main.storyboard */; };
		1E981CCA285F4E5400FB9299 /* Assets.xcassets in Resources */ = {isa = PBXBuildFile; fileRef = 1E981CC9285F4E5400FB9299 /* Assets.xcassets */; };
		1E981CCD285F4E5400FB9299 /* LaunchScreen.storyboard in Resources */ = {isa = PBXBuildFile; fileRef = 1E981CCB285F4E5400FB9299 /* LaunchScreen.storyboard */; };
		1E981CD6285F4ED200FB9299 /* GoogleService-Info.plist in Resources */ = {isa = PBXBuildFile; fileRef = 1E981CD5285F4ED200FB9299 /* GoogleService-Info.plist */; };
		1E9A93B02863879C005AFF1F /* MessageTableViewCell.swift in Sources */ = {isa = PBXBuildFile; fileRef = 1E9A93AE2863879C005AFF1F /* MessageTableViewCell.swift */; };
		1E9A93B12863879C005AFF1F /* MessageTableViewCell.xib in Resources */ = {isa = PBXBuildFile; fileRef = 1E9A93AF2863879C005AFF1F /* MessageTableViewCell.xib */; };
		1EA662712865D0EF00664C4C /* RecentMessages.swift in Sources */ = {isa = PBXBuildFile; fileRef = 1EA662702865D0EF00664C4C /* RecentMessages.swift */; };
		1EC60849285F5F5300FBE7FA /* SignUpPresenter.swift in Sources */ = {isa = PBXBuildFile; fileRef = 1EC60848285F5F5300FBE7FA /* SignUpPresenter.swift */; };
		1ECCEF252860C9A400BC5D99 /* ChatModel.swift in Sources */ = {isa = PBXBuildFile; fileRef = 1ECCEF242860C9A400BC5D99 /* ChatModel.swift */; };
		1ED55743285FD0570060239D /* UsersModel.swift in Sources */ = {isa = PBXBuildFile; fileRef = 1ED55742285FD0570060239D /* UsersModel.swift */; };
		2F579CEFE237D29BC48E3F3C /* Pods_ChatApp.framework in Frameworks */ = {isa = PBXBuildFile; fileRef = 5A5F39C2C865B755BEF14D1E /* Pods_ChatApp.framework */; };
/* End PBXBuildFile section */

/* Begin PBXFileReference section */
		1E158799285F664F00EE6074 /* HomeViewController.swift */ = {isa = PBXFileReference; lastKnownFileType = sourcecode.swift; path = HomeViewController.swift; sourceTree = "<group>"; };
		1E15879D285F682A00EE6074 /* HomePresenter.swift */ = {isa = PBXFileReference; lastKnownFileType = sourcecode.swift; path = HomePresenter.swift; sourceTree = "<group>"; };
		1E1587A2285F6AF800EE6074 /* Home+TableView.swift */ = {isa = PBXFileReference; lastKnownFileType = sourcecode.swift; path = "Home+TableView.swift"; sourceTree = "<group>"; };
		1E15FC4B285F5AFF007A1EEE /* LoginViewController.swift */ = {isa = PBXFileReference; lastKnownFileType = sourcecode.swift; path = LoginViewController.swift; sourceTree = "<group>"; };
		1E15FC53285F5D47007A1EEE /* LoginPresenter.swift */ = {isa = PBXFileReference; lastKnownFileType = sourcecode.swift; path = LoginPresenter.swift; sourceTree = "<group>"; };
		1E6E31BB2864B19B00890CB6 /* SignUpViewController.swift */ = {isa = PBXFileReference; lastKnownFileType = sourcecode.swift; name = SignUpViewController.swift; path = ../SignUpViewController.swift; sourceTree = "<group>"; };
		1E93D9C4285F72F100A9023E /* UsersTableViewController.swift */ = {isa = PBXFileReference; lastKnownFileType = sourcecode.swift; path = UsersTableViewController.swift; sourceTree = "<group>"; };
		1E93D9CA285F736500A9023E /* ChatViewController.swift */ = {isa = PBXFileReference; lastKnownFileType = sourcecode.swift; path = ChatViewController.swift; sourceTree = "<group>"; };
		1E93D9CF285F738F00A9023E /* ChatPresenter.swift */ = {isa = PBXFileReference; lastKnownFileType = sourcecode.swift; path = ChatPresenter.swift; sourceTree = "<group>"; };
		1E93D9D3285F741100A9023E /* UsersPresenter.swift */ = {isa = PBXFileReference; lastKnownFileType = sourcecode.swift; path = UsersPresenter.swift; sourceTree = "<group>"; };
		1E93D9D8285F75C700A9023E /* Chat+TableView.swift */ = {isa = PBXFileReference; lastKnownFileType = sourcecode.swift; path = "Chat+TableView.swift"; sourceTree = "<group>"; };
		1E981CBD285F4E5100FB9299 /* ChatApp.app */ = {isa = PBXFileReference; explicitFileType = wrapper.application; includeInIndex = 0; path = ChatApp.app; sourceTree = BUILT_PRODUCTS_DIR; };
		1E981CC0285F4E5100FB9299 /* AppDelegate.swift */ = {isa = PBXFileReference; lastKnownFileType = sourcecode.swift; path = AppDelegate.swift; sourceTree = "<group>"; };
		1E981CC2285F4E5100FB9299 /* SceneDelegate.swift */ = {isa = PBXFileReference; lastKnownFileType = sourcecode.swift; path = SceneDelegate.swift; sourceTree = "<group>"; };
		1E981CC4285F4E5100FB9299 /* FirstViewController.swift */ = {isa = PBXFileReference; lastKnownFileType = sourcecode.swift; path = FirstViewController.swift; sourceTree = "<group>"; };
		1E981CC7285F4E5100FB9299 /* Base */ = {isa = PBXFileReference; lastKnownFileType = file.storyboard; name = Base; path = Base.lproj/Main.storyboard; sourceTree = "<group>"; };
		1E981CC9285F4E5400FB9299 /* Assets.xcassets */ = {isa = PBXFileReference; lastKnownFileType = folder.assetcatalog; path = Assets.xcassets; sourceTree = "<group>"; };
		1E981CCC285F4E5400FB9299 /* Base */ = {isa = PBXFileReference; lastKnownFileType = file.storyboard; name = Base; path = Base.lproj/LaunchScreen.storyboard; sourceTree = "<group>"; };
		1E981CCE285F4E5400FB9299 /* Info.plist */ = {isa = PBXFileReference; lastKnownFileType = text.plist.xml; path = Info.plist; sourceTree = "<group>"; };
		1E981CD5285F4ED200FB9299 /* GoogleService-Info.plist */ = {isa = PBXFileReference; fileEncoding = 4; lastKnownFileType = text.plist.xml; path = "GoogleService-Info.plist"; sourceTree = "<group>"; };
		1E9A93AE2863879C005AFF1F /* MessageTableViewCell.swift */ = {isa = PBXFileReference; lastKnownFileType = sourcecode.swift; path = MessageTableViewCell.swift; sourceTree = "<group>"; };
		1E9A93AF2863879C005AFF1F /* MessageTableViewCell.xib */ = {isa = PBXFileReference; lastKnownFileType = file.xib; path = MessageTableViewCell.xib; sourceTree = "<group>"; };
		1EA662702865D0EF00664C4C /* RecentMessages.swift */ = {isa = PBXFileReference; lastKnownFileType = sourcecode.swift; path = RecentMessages.swift; sourceTree = "<group>"; };
		1EC60848285F5F5300FBE7FA /* SignUpPresenter.swift */ = {isa = PBXFileReference; lastKnownFileType = sourcecode.swift; path = SignUpPresenter.swift; sourceTree = "<group>"; };
		1ECCEF242860C9A400BC5D99 /* ChatModel.swift */ = {isa = PBXFileReference; lastKnownFileType = sourcecode.swift; path = ChatModel.swift; sourceTree = "<group>"; };
		1ED55742285FD0570060239D /* UsersModel.swift */ = {isa = PBXFileReference; lastKnownFileType = sourcecode.swift; path = UsersModel.swift; sourceTree = "<group>"; };
		4AC5A0DCF17D523061A32EEB /* Pods-ChatApp.release.xcconfig */ = {isa = PBXFileReference; includeInIndex = 1; lastKnownFileType = text.xcconfig; name = "Pods-ChatApp.release.xcconfig"; path = "Target Support Files/Pods-ChatApp/Pods-ChatApp.release.xcconfig"; sourceTree = "<group>"; };
		580D4E975CC921DFD4FE4625 /* Pods-ChatApp.debug.xcconfig */ = {isa = PBXFileReference; includeInIndex = 1; lastKnownFileType = text.xcconfig; name = "Pods-ChatApp.debug.xcconfig"; path = "Target Support Files/Pods-ChatApp/Pods-ChatApp.debug.xcconfig"; sourceTree = "<group>"; };
		5A5F39C2C865B755BEF14D1E /* Pods_ChatApp.framework */ = {isa = PBXFileReference; explicitFileType = wrapper.framework; includeInIndex = 0; path = Pods_ChatApp.framework; sourceTree = BUILT_PRODUCTS_DIR; };
/* End PBXFileReference section */

/* Begin PBXFrameworksBuildPhase section */
		1E981CBA285F4E5100FB9299 /* Frameworks */ = {
			isa = PBXFrameworksBuildPhase;
			buildActionMask = 2147483647;
			files = (
				2F579CEFE237D29BC48E3F3C /* Pods_ChatApp.framework in Frameworks */,
			);
			runOnlyForDeploymentPostprocessing = 0;
		};
/* End PBXFrameworksBuildPhase section */

/* Begin PBXGroup section */
		0389F3C6BDD1F285B317979E /* Frameworks */ = {
			isa = PBXGroup;
			children = (
				5A5F39C2C865B755BEF14D1E /* Pods_ChatApp.framework */,
			);
			name = Frameworks;
			sourceTree = "<group>";
		};
		1E158795285F65A100EE6074 /* Home */ = {
			isa = PBXGroup;
			children = (
				1EA6626F2865D0D300664C4C /* Model */,
				1E158797285F65F700EE6074 /* View */,
				1E158798285F660A00EE6074 /* Presenter */,
			);
			path = Home;
			sourceTree = "<group>";
		};
		1E158797285F65F700EE6074 /* View */ = {
			isa = PBXGroup;
			children = (
				1E1587A1285F6AB500EE6074 /* TableView */,
				1E158799285F664F00EE6074 /* HomeViewController.swift */,
			);
			path = View;
			sourceTree = "<group>";
		};
		1E158798285F660A00EE6074 /* Presenter */ = {
			isa = PBXGroup;
			children = (
				1E15879D285F682A00EE6074 /* HomePresenter.swift */,
			);
			path = Presenter;
			sourceTree = "<group>";
		};
		1E1587A1285F6AB500EE6074 /* TableView */ = {
			isa = PBXGroup;
			children = (
				1E1587A2285F6AF800EE6074 /* Home+TableView.swift */,
			);
			path = TableView;
			sourceTree = "<group>";
		};
		1E15FC51285F5CBD007A1EEE /* SignUp */ = {
			isa = PBXGroup;
			children = (
				1E6E31BD2864B1DB00890CB6 /* View */,
				1EC60847285F5F3200FBE7FA /* Presenter */,
			);
			path = SignUp;
			sourceTree = "<group>";
		};
		1E15FC52285F5CC8007A1EEE /* Login */ = {
			isa = PBXGroup;
			children = (
				1EC60845285F5F1600FBE7FA /* View */,
				1EC60844285F5F0700FBE7FA /* Presenter */,
			);
			path = Login;
			sourceTree = "<group>";
		};
		1E6E31BD2864B1DB00890CB6 /* View */ = {
			isa = PBXGroup;
			children = (
				1E6E31BB2864B19B00890CB6 /* SignUpViewController.swift */,
			);
			path = View;
			sourceTree = "<group>";
		};
		1E93D9BB285F716D00A9023E /* Users */ = {
			isa = PBXGroup;
			children = (
				1ED55741285FD04A0060239D /* Model */,
				1E93D9BD285F718400A9023E /* View */,
				1E93D9BC285F717A00A9023E /* Presenter */,
			);
			path = Users;
			sourceTree = "<group>";
		};
		1E93D9BC285F717A00A9023E /* Presenter */ = {
			isa = PBXGroup;
			children = (
				1E93D9D3285F741100A9023E /* UsersPresenter.swift */,
			);
			path = Presenter;
			sourceTree = "<group>";
		};
		1E93D9BD285F718400A9023E /* View */ = {
			isa = PBXGroup;
			children = (
				1E93D9C4285F72F100A9023E /* UsersTableViewController.swift */,
			);
			path = View;
			sourceTree = "<group>";
		};
		1E93D9C7285F733000A9023E /* Chat */ = {
			isa = PBXGroup;
			children = (
				1ECCEF232860C99800BC5D99 /* Model */,
				1E93D9C9285F734B00A9023E /* View */,
				1E93D9C8285F733700A9023E /* Presenter */,
			);
			path = Chat;
			sourceTree = "<group>";
		};
		1E93D9C8285F733700A9023E /* Presenter */ = {
			isa = PBXGroup;
			children = (
				1E93D9CF285F738F00A9023E /* ChatPresenter.swift */,
			);
			path = Presenter;
			sourceTree = "<group>";
		};
		1E93D9C9285F734B00A9023E /* View */ = {
			isa = PBXGroup;
			children = (
				1E93D9D7285F75B200A9023E /* TableView */,
				1E93D9CA285F736500A9023E /* ChatViewController.swift */,
			);
			name = View;
			sourceTree = "<group>";
		};
		1E93D9D7285F75B200A9023E /* TableView */ = {
			isa = PBXGroup;
			children = (
				1E93D9D8285F75C700A9023E /* Chat+TableView.swift */,
				1E9A93AE2863879C005AFF1F /* MessageTableViewCell.swift */,
				1E9A93AF2863879C005AFF1F /* MessageTableViewCell.xib */,
			);
			name = TableView;
			sourceTree = "<group>";
		};
		1E981CB4285F4E5100FB9299 = {
			isa = PBXGroup;
			children = (
				1E981CBF285F4E5100FB9299 /* ChatApp */,
				1E981CBE285F4E5100FB9299 /* Products */,
				21A6ED1F17A0111E61DF989D /* Pods */,
				0389F3C6BDD1F285B317979E /* Frameworks */,
			);
			sourceTree = "<group>";
		};
		1E981CBE285F4E5100FB9299 /* Products */ = {
			isa = PBXGroup;
			children = (
				1E981CBD285F4E5100FB9299 /* ChatApp.app */,
			);
			name = Products;
			sourceTree = "<group>";
		};
		1E981CBF285F4E5100FB9299 /* ChatApp */ = {
			isa = PBXGroup;
			children = (
				1E981CC0285F4E5100FB9299 /* AppDelegate.swift */,
				1E981CC2285F4E5100FB9299 /* SceneDelegate.swift */,
				1E981CC4285F4E5100FB9299 /* FirstViewController.swift */,
				1E981CC6285F4E5100FB9299 /* Main.storyboard */,
				1E15FC51285F5CBD007A1EEE /* SignUp */,
				1E15FC52285F5CC8007A1EEE /* Login */,
				1E158795285F65A100EE6074 /* Home */,
				1E93D9BB285F716D00A9023E /* Users */,
				1E93D9C7285F733000A9023E /* Chat */,
				1E981CC9285F4E5400FB9299 /* Assets.xcassets */,
				1E981CCB285F4E5400FB9299 /* LaunchScreen.storyboard */,
				1E981CCE285F4E5400FB9299 /* Info.plist */,
				1E981CD5285F4ED200FB9299 /* GoogleService-Info.plist */,
			);
			path = ChatApp;
			sourceTree = "<group>";
		};
		1EA6626F2865D0D300664C4C /* Model */ = {
			isa = PBXGroup;
			children = (
				1EA662702865D0EF00664C4C /* RecentMessages.swift */,
			);
			path = Model;
			sourceTree = "<group>";
		};
		1EC60844285F5F0700FBE7FA /* Presenter */ = {
			isa = PBXGroup;
			children = (
				1E15FC53285F5D47007A1EEE /* LoginPresenter.swift */,
			);
			path = Presenter;
			sourceTree = "<group>";
		};
		1EC60845285F5F1600FBE7FA /* View */ = {
			isa = PBXGroup;
			children = (
				1E15FC4B285F5AFF007A1EEE /* LoginViewController.swift */,
			);
			path = View;
			sourceTree = "<group>";
		};
		1EC60847285F5F3200FBE7FA /* Presenter */ = {
			isa = PBXGroup;
			children = (
				1EC60848285F5F5300FBE7FA /* SignUpPresenter.swift */,
			);
			path = Presenter;
			sourceTree = "<group>";
		};
		1ECCEF232860C99800BC5D99 /* Model */ = {
			isa = PBXGroup;
			children = (
				1ECCEF242860C9A400BC5D99 /* ChatModel.swift */,
			);
			path = Model;
			sourceTree = "<group>";
		};
		1ED55741285FD04A0060239D /* Model */ = {
			isa = PBXGroup;
			children = (
				1ED55742285FD0570060239D /* UsersModel.swift */,
			);
			path = Model;
			sourceTree = "<group>";
		};
		21A6ED1F17A0111E61DF989D /* Pods */ = {
			isa = PBXGroup;
			children = (
				580D4E975CC921DFD4FE4625 /* Pods-ChatApp.debug.xcconfig */,
				4AC5A0DCF17D523061A32EEB /* Pods-ChatApp.release.xcconfig */,
			);
			path = Pods;
			sourceTree = "<group>";
		};
/* End PBXGroup section */

/* Begin PBXNativeTarget section */
		1E981CBC285F4E5100FB9299 /* ChatApp */ = {
			isa = PBXNativeTarget;
			buildConfigurationList = 1E981CD1285F4E5400FB9299 /* Build configuration list for PBXNativeTarget "ChatApp" */;
			buildPhases = (
				9FDB5234D79F2A8BBD2C1559 /* [CP] Check Pods Manifest.lock */,
				1E981CB9285F4E5100FB9299 /* Sources */,
				1E981CBA285F4E5100FB9299 /* Frameworks */,
				1E981CBB285F4E5100FB9299 /* Resources */,
				016F4BC7B443D06968402CDF /* [CP] Embed Pods Frameworks */,
			);
			buildRules = (
			);
			dependencies = (
			);
			name = ChatApp;
			productName = ChatApp;
			productReference = 1E981CBD285F4E5100FB9299 /* ChatApp.app */;
			productType = "com.apple.product-type.application";
		};
/* End PBXNativeTarget section */

/* Begin PBXProject section */
		1E981CB5285F4E5100FB9299 /* Project object */ = {
			isa = PBXProject;
			attributes = {
				LastSwiftUpdateCheck = 1220;
				LastUpgradeCheck = 1220;
				TargetAttributes = {
					1E981CBC285F4E5100FB9299 = {
						CreatedOnToolsVersion = 12.2;
					};
				};
			};
			buildConfigurationList = 1E981CB8285F4E5100FB9299 /* Build configuration list for PBXProject "ChatApp" */;
			compatibilityVersion = "Xcode 9.3";
			developmentRegion = en;
			hasScannedForEncodings = 0;
			knownRegions = (
				en,
				Base,
			);
			mainGroup = 1E981CB4285F4E5100FB9299;
			productRefGroup = 1E981CBE285F4E5100FB9299 /* Products */;
			projectDirPath = "";
			projectRoot = "";
			targets = (
				1E981CBC285F4E5100FB9299 /* ChatApp */,
			);
		};
/* End PBXProject section */

/* Begin PBXResourcesBuildPhase section */
		1E981CBB285F4E5100FB9299 /* Resources */ = {
			isa = PBXResourcesBuildPhase;
			buildActionMask = 2147483647;
			files = (
				1E981CCD285F4E5400FB9299 /* LaunchScreen.storyboard in Resources */,
				1E981CD6285F4ED200FB9299 /* GoogleService-Info.plist in Resources */,
				1E9A93B12863879C005AFF1F /* MessageTableViewCell.xib in Resources */,
				1E981CCA285F4E5400FB9299 /* Assets.xcassets in Resources */,
				1E981CC8285F4E5100FB9299 /* Main.storyboard in Resources */,
			);
			runOnlyForDeploymentPostprocessing = 0;
		};
/* End PBXResourcesBuildPhase section */

/* Begin PBXShellScriptBuildPhase section */
		016F4BC7B443D06968402CDF /* [CP] Embed Pods Frameworks */ = {
			isa = PBXShellScriptBuildPhase;
			buildActionMask = 2147483647;
			files = (
			);
			inputFileListPaths = (
				"${PODS_ROOT}/Target Support Files/Pods-ChatApp/Pods-ChatApp-frameworks-${CONFIGURATION}-input-files.xcfilelist",
			);
			name = "[CP] Embed Pods Frameworks";
			outputFileListPaths = (
				"${PODS_ROOT}/Target Support Files/Pods-ChatApp/Pods-ChatApp-frameworks-${CONFIGURATION}-output-files.xcfilelist",
			);
			runOnlyForDeploymentPostprocessing = 0;
			shellPath = /bin/sh;
			shellScript = "\"${PODS_ROOT}/Target Support Files/Pods-ChatApp/Pods-ChatApp-frameworks.sh\"\n";
			showEnvVarsInLog = 0;
		};
		9FDB5234D79F2A8BBD2C1559 /* [CP] Check Pods Manifest.lock */ = {
			isa = PBXShellScriptBuildPhase;
			buildActionMask = 2147483647;
			files = (
			);
			inputFileListPaths = (
			);
			inputPaths = (
				"${PODS_PODFILE_DIR_PATH}/Podfile.lock",
				"${PODS_ROOT}/Manifest.lock",
			);
			name = "[CP] Check Pods Manifest.lock";
			outputFileListPaths = (
			);
			outputPaths = (
				"$(DERIVED_FILE_DIR)/Pods-ChatApp-checkManifestLockResult.txt",
			);
			runOnlyForDeploymentPostprocessing = 0;
			shellPath = /bin/sh;
			shellScript = "diff \"${PODS_PODFILE_DIR_PATH}/Podfile.lock\" \"${PODS_ROOT}/Manifest.lock\" > /dev/null\nif [ $? != 0 ] ; then\n    # print error to STDERR\n    echo \"error: The sandbox is not in sync with the Podfile.lock. Run 'pod install' or update your CocoaPods installation.\" >&2\n    exit 1\nfi\n# This output is used by Xcode 'outputs' to avoid re-running this script phase.\necho \"SUCCESS\" > \"${SCRIPT_OUTPUT_FILE_0}\"\n";
			showEnvVarsInLog = 0;
		};
/* End PBXShellScriptBuildPhase section */

/* Begin PBXSourcesBuildPhase section */
		1E981CB9285F4E5100FB9299 /* Sources */ = {
			isa = PBXSourcesBuildPhase;
			buildActionMask = 2147483647;
			files = (
				1EA662712865D0EF00664C4C /* RecentMessages.swift in Sources */,
				1E1587A3285F6AF800EE6074 /* Home+TableView.swift in Sources */,
				1E93D9D0285F738F00A9023E /* ChatPresenter.swift in Sources */,
				1E15FC54285F5D47007A1EEE /* LoginPresenter.swift in Sources */,
				1E93D9D4285F741100A9023E /* UsersPresenter.swift in Sources */,
				1ECCEF252860C9A400BC5D99 /* ChatModel.swift in Sources */,
				1E15FC4C285F5AFF007A1EEE /* LoginViewController.swift in Sources */,
				1E981CC5285F4E5100FB9299 /* FirstViewController.swift in Sources */,
				1E15879A285F664F00EE6074 /* HomeViewController.swift in Sources */,
				1E93D9C5285F72F100A9023E /* UsersTableViewController.swift in Sources */,
				1E981CC1285F4E5100FB9299 /* AppDelegate.swift in Sources */,
				1E93D9D9285F75C700A9023E /* Chat+TableView.swift in Sources */,
				1E9A93B02863879C005AFF1F /* MessageTableViewCell.swift in Sources */,
				1EC60849285F5F5300FBE7FA /* SignUpPresenter.swift in Sources */,
				1E15879E285F682A00EE6074 /* HomePresenter.swift in Sources */,
				1E981CC3285F4E5100FB9299 /* SceneDelegate.swift in Sources */,
				1E93D9CB285F736500A9023E /* ChatViewController.swift in Sources */,
				1ED55743285FD0570060239D /* UsersModel.swift in Sources */,
			);
			runOnlyForDeploymentPostprocessing = 0;
		};
/* End PBXSourcesBuildPhase section */

/* Begin PBXVariantGroup section */
		1E981CC6285F4E5100FB9299 /* Main.storyboard */ = {
			isa = PBXVariantGroup;
			children = (
				1E981CC7285F4E5100FB9299 /* Base */,
			);
			name = Main.storyboard;
			sourceTree = "<group>";
		};
		1E981CCB285F4E5400FB9299 /* LaunchScreen.storyboard */ = {
			isa = PBXVariantGroup;
			children = (
				1E981CCC285F4E5400FB9299 /* Base */,
			);
			name = LaunchScreen.storyboard;
			sourceTree = "<group>";
		};
/* End PBXVariantGroup section */

/* Begin XCBuildConfiguration section */
		1E981CCF285F4E5400FB9299 /* Debug */ = {
			isa = XCBuildConfiguration;
			buildSettings = {
				ALWAYS_SEARCH_USER_PATHS = NO;
				CLANG_ANALYZER_NONNULL = YES;
				CLANG_ANALYZER_NUMBER_OBJECT_CONVERSION = YES_AGGRESSIVE;
				CLANG_CXX_LANGUAGE_STANDARD = "gnu++14";
				CLANG_CXX_LIBRARY = "libc++";
				CLANG_ENABLE_MODULES = YES;
				CLANG_ENABLE_OBJC_ARC = YES;
				CLANG_ENABLE_OBJC_WEAK = YES;
				CLANG_WARN_BLOCK_CAPTURE_AUTORELEASING = YES;
				CLANG_WARN_BOOL_CONVERSION = YES;
				CLANG_WARN_COMMA = YES;
				CLANG_WARN_CONSTANT_CONVERSION = YES;
				CLANG_WARN_DEPRECATED_OBJC_IMPLEMENTATIONS = YES;
				CLANG_WARN_DIRECT_OBJC_ISA_USAGE = YES_ERROR;
				CLANG_WARN_DOCUMENTATION_COMMENTS = YES;
				CLANG_WARN_EMPTY_BODY = YES;
				CLANG_WARN_ENUM_CONVERSION = YES;
				CLANG_WARN_INFINITE_RECURSION = YES;
				CLANG_WARN_INT_CONVERSION = YES;
				CLANG_WARN_NON_LITERAL_NULL_CONVERSION = YES;
				CLANG_WARN_OBJC_IMPLICIT_RETAIN_SELF = YES;
				CLANG_WARN_OBJC_LITERAL_CONVERSION = YES;
				CLANG_WARN_OBJC_ROOT_CLASS = YES_ERROR;
				CLANG_WARN_QUOTED_INCLUDE_IN_FRAMEWORK_HEADER = YES;
				CLANG_WARN_RANGE_LOOP_ANALYSIS = YES;
				CLANG_WARN_STRICT_PROTOTYPES = YES;
				CLANG_WARN_SUSPICIOUS_MOVE = YES;
				CLANG_WARN_UNGUARDED_AVAILABILITY = YES_AGGRESSIVE;
				CLANG_WARN_UNREACHABLE_CODE = YES;
				CLANG_WARN__DUPLICATE_METHOD_MATCH = YES;
				COPY_PHASE_STRIP = NO;
				DEBUG_INFORMATION_FORMAT = dwarf;
				ENABLE_STRICT_OBJC_MSGSEND = YES;
				ENABLE_TESTABILITY = YES;
				GCC_C_LANGUAGE_STANDARD = gnu11;
				GCC_DYNAMIC_NO_PIC = NO;
				GCC_NO_COMMON_BLOCKS = YES;
				GCC_OPTIMIZATION_LEVEL = 0;
				GCC_PREPROCESSOR_DEFINITIONS = (
					"DEBUG=1",
					"$(inherited)",
				);
				GCC_WARN_64_TO_32_BIT_CONVERSION = YES;
				GCC_WARN_ABOUT_RETURN_TYPE = YES_ERROR;
				GCC_WARN_UNDECLARED_SELECTOR = YES;
				GCC_WARN_UNINITIALIZED_AUTOS = YES_AGGRESSIVE;
				GCC_WARN_UNUSED_FUNCTION = YES;
				GCC_WARN_UNUSED_VARIABLE = YES;
				IPHONEOS_DEPLOYMENT_TARGET = 14.2;
				MTL_ENABLE_DEBUG_INFO = INCLUDE_SOURCE;
				MTL_FAST_MATH = YES;
				ONLY_ACTIVE_ARCH = YES;
				SDKROOT = iphoneos;
				SWIFT_ACTIVE_COMPILATION_CONDITIONS = DEBUG;
				SWIFT_OPTIMIZATION_LEVEL = "-Onone";
			};
			name = Debug;
		};
		1E981CD0285F4E5400FB9299 /* Release */ = {
			isa = XCBuildConfiguration;
			buildSettings = {
				ALWAYS_SEARCH_USER_PATHS = NO;
				CLANG_ANALYZER_NONNULL = YES;
				CLANG_ANALYZER_NUMBER_OBJECT_CONVERSION = YES_AGGRESSIVE;
				CLANG_CXX_LANGUAGE_STANDARD = "gnu++14";
				CLANG_CXX_LIBRARY = "libc++";
				CLANG_ENABLE_MODULES = YES;
				CLANG_ENABLE_OBJC_ARC = YES;
				CLANG_ENABLE_OBJC_WEAK = YES;
				CLANG_WARN_BLOCK_CAPTURE_AUTORELEASING = YES;
				CLANG_WARN_BOOL_CONVERSION = YES;
				CLANG_WARN_COMMA = YES;
				CLANG_WARN_CONSTANT_CONVERSION = YES;
				CLANG_WARN_DEPRECATED_OBJC_IMPLEMENTATIONS = YES;
				CLANG_WARN_DIRECT_OBJC_ISA_USAGE = YES_ERROR;
				CLANG_WARN_DOCUMENTATION_COMMENTS = YES;
				CLANG_WARN_EMPTY_BODY = YES;
				CLANG_WARN_ENUM_CONVERSION = YES;
				CLANG_WARN_INFINITE_RECURSION = YES;
				CLANG_WARN_INT_CONVERSION = YES;
				CLANG_WARN_NON_LITERAL_NULL_CONVERSION = YES;
				CLANG_WARN_OBJC_IMPLICIT_RETAIN_SELF = YES;
				CLANG_WARN_OBJC_LITERAL_CONVERSION = YES;
				CLANG_WARN_OBJC_ROOT_CLASS = YES_ERROR;
				CLANG_WARN_QUOTED_INCLUDE_IN_FRAMEWORK_HEADER = YES;
				CLANG_WARN_RANGE_LOOP_ANALYSIS = YES;
				CLANG_WARN_STRICT_PROTOTYPES = YES;
				CLANG_WARN_SUSPICIOUS_MOVE = YES;
				CLANG_WARN_UNGUARDED_AVAILABILITY = YES_AGGRESSIVE;
				CLANG_WARN_UNREACHABLE_CODE = YES;
				CLANG_WARN__DUPLICATE_METHOD_MATCH = YES;
				COPY_PHASE_STRIP = NO;
				DEBUG_INFORMATION_FORMAT = "dwarf-with-dsym";
				ENABLE_NS_ASSERTIONS = NO;
				ENABLE_STRICT_OBJC_MSGSEND = YES;
				GCC_C_LANGUAGE_STANDARD = gnu11;
				GCC_NO_COMMON_BLOCKS = YES;
				GCC_WARN_64_TO_32_BIT_CONVERSION = YES;
				GCC_WARN_ABOUT_RETURN_TYPE = YES_ERROR;
				GCC_WARN_UNDECLARED_SELECTOR = YES;
				GCC_WARN_UNINITIALIZED_AUTOS = YES_AGGRESSIVE;
				GCC_WARN_UNUSED_FUNCTION = YES;
				GCC_WARN_UNUSED_VARIABLE = YES;
				IPHONEOS_DEPLOYMENT_TARGET = 14.2;
				MTL_ENABLE_DEBUG_INFO = NO;
				MTL_FAST_MATH = YES;
				SDKROOT = iphoneos;
				SWIFT_COMPILATION_MODE = wholemodule;
				SWIFT_OPTIMIZATION_LEVEL = "-O";
				VALIDATE_PRODUCT = YES;
			};
			name = Release;
		};
		1E981CD2285F4E5400FB9299 /* Debug */ = {
			isa = XCBuildConfiguration;
			baseConfigurationReference = 580D4E975CC921DFD4FE4625 /* Pods-ChatApp.debug.xcconfig */;
			buildSettings = {
				ASSETCATALOG_COMPILER_APPICON_NAME = AppIcon;
				ASSETCATALOG_COMPILER_GLOBAL_ACCENT_COLOR_NAME = AccentColor;
				CODE_SIGN_STYLE = Automatic;
				DEVELOPMENT_TEAM = 5N79QDCTNF;
				INFOPLIST_FILE = ChatApp/Info.plist;
				LD_RUNPATH_SEARCH_PATHS = (
					"$(inherited)",
					"@executable_path/Frameworks",
				);
				PRODUCT_BUNDLE_IDENTIFIER = comHashim.ChatApp;
				PRODUCT_NAME = "$(TARGET_NAME)";
				SWIFT_VERSION = 5.0;
				TARGETED_DEVICE_FAMILY = "1,2";
			};
			name = Debug;
		};
		1E981CD3285F4E5400FB9299 /* Release */ = {
			isa = XCBuildConfiguration;
			baseConfigurationReference = 4AC5A0DCF17D523061A32EEB /* Pods-ChatApp.release.xcconfig */;
			buildSettings = {
				ASSETCATALOG_COMPILER_APPICON_NAME = AppIcon;
				ASSETCATALOG_COMPILER_GLOBAL_ACCENT_COLOR_NAME = AccentColor;
				CODE_SIGN_STYLE = Automatic;
				DEVELOPMENT_TEAM = 5N79QDCTNF;
				INFOPLIST_FILE = ChatApp/Info.plist;
				LD_RUNPATH_SEARCH_PATHS = (
					"$(inherited)",
					"@executable_path/Frameworks",
				);
				PRODUCT_BUNDLE_IDENTIFIER = comHashim.ChatApp;
				PRODUCT_NAME = "$(TARGET_NAME)";
				SWIFT_VERSION = 5.0;
				TARGETED_DEVICE_FAMILY = "1,2";
			};
			name = Release;
		};
/* End XCBuildConfiguration section */

/* Begin XCConfigurationList section */
		1E981CB8285F4E5100FB9299 /* Build configuration list for PBXProject "ChatApp" */ = {
			isa = XCConfigurationList;
			buildConfigurations = (
				1E981CCF285F4E5400FB9299 /* Debug */,
				1E981CD0285F4E5400FB9299 /* Release */,
			);
			defaultConfigurationIsVisible = 0;
			defaultConfigurationName = Release;
		};
		1E981CD1285F4E5400FB9299 /* Build configuration list for PBXNativeTarget "ChatApp" */ = {
			isa = XCConfigurationList;
			buildConfigurations = (
				1E981CD2285F4E5400FB9299 /* Debug */,
				1E981CD3285F4E5400FB9299 /* Release */,
			);
			defaultConfigurationIsVisible = 0;
			defaultConfigurationName = Release;
		};
/* End XCConfigurationList section */
	};
	rootObject = 1E981CB5285F4E5100FB9299 /* Project object */;
}
